PODS:
  - Alamofire (3.4.1)
  - AlamofireObjectMapper (2.1.2):
    - Alamofire (~> 3.2)
    - ObjectMapper (~> 1.0)
  - Bolts (1.7.0):
    - Bolts/AppLinks (= 1.7.0)
    - Bolts/Tasks (= 1.7.0)
  - Bolts/AppLinks (1.7.0):
    - Bolts/Tasks
  - Bolts/Tasks (1.7.0)
  - Crashlytics (3.7.2):
    - Fabric (~> 1.6.3)
  - Digits (2.3.0):
    - TwitterCore (= 2.3.0)
  - Fabric (1.6.7)
  - FBSDKCoreKit (4.13.1):
    - Bolts (~> 1.7)
  - FBSDKLoginKit (4.13.1):
    - FBSDKCoreKit
  - Kingfisher (2.4.1)
  - ObjectMapper (1.3.0)
  - PonyDebugger (0.4.5):
    - SocketRocket
  - SocketRocket (0.5.1)
  - TwitterCore (2.3.0):
    - Fabric

DEPENDENCIES:
  - Alamofire (~> 3.0)
  - AlamofireObjectMapper (~> 2.1)
  - Crashlytics
  - Digits
  - Fabric
  - FBSDKCoreKit
  - FBSDKLoginKit
  - Kingfisher (~> 2.0)
  - ObjectMapper (~> 1.1)
  - PonyDebugger (from `https://github.com/square/PonyDebugger.git`)

EXTERNAL SOURCES:
  PonyDebugger:
    :git: https://github.com/square/PonyDebugger.git

CHECKOUT OPTIONS:
  PonyDebugger:
    :commit: 21e6c1f01afcad2632956372b83edc04ce316908
    :git: https://github.com/square/PonyDebugger.git

SPEC CHECKSUMS:
  Alamofire: 01a82e2f6c0f860ade35534c8dd88be61bdef40c
  AlamofireObjectMapper: 82391c31f23e37bdb2660da174bcf81b202da39d
  Bolts: a0058fa3b331c5a1e4402d534f2dae36dbff31e4
  Crashlytics: 130ab943f8c78cda7a814b434f270b2e2c8a3cba
  Digits: af82d24ec38035cc555b60f55cca5abc68a76bed
  Fabric: caf7580c725e64db144f610ac65cd60956911dc7
  FBSDKCoreKit: 2807fe0da2ddb49a1469da6d6ff597f99912980f
  FBSDKLoginKit: 6d350cb6a22d6956e9d078885de6ee8a0ebc51b4
  Kingfisher: 41aed5b6c1ed8fa98cf6d75283ce89cf7890f517
  ObjectMapper: 4eb08a726e9791a93b2632049951b56a7c17e471
  PonyDebugger: 1c60f7c876bdb6a8b6bf0f0269087f8a234fafa7
  SocketRocket: d57c7159b83c3c6655745cd15302aa24b6bae531
  TwitterCore: 817eae3e291fa4125b47789e26a4f6f024115c1f

COCOAPODS: 0.39.0
