// !$*UTF8*$!
{
	archiveVersion = 1;
	classes = {
	};
	objectVersion = 46;
	objects = {

/* Begin PBXBuildFile section */
		62024B081CD2007A00AB5C90 /* MainModel.swift in Sources */ = {isa = PBXBuildFile; fileRef = 62024B071CD2007A00AB5C90 /* MainModel.swift */; };
		62024B0A1CD2069D00AB5C90 /* TableViewHeader.swift in Sources */ = {isa = PBXBuildFile; fileRef = 62024B091CD2069D00AB5C90 /* TableViewHeader.swift */; };
		62024B0D1CD21D1200AB5C90 /* MeetUp.xcdatamodeld in Sources */ = {isa = PBXBuildFile; fileRef = 62024B0B1CD21D1200AB5C90 /* MeetUp.xcdatamodeld */; };
		62024B0F1CD47A0C00AB5C90 /* SessionModel.swift in Sources */ = {isa = PBXBuildFile; fileRef = 62024B0E1CD47A0C00AB5C90 /* SessionModel.swift */; };
		62024B251CD5A3E500AB5C90 /* SessionData+CoreDataProperties.swift in Sources */ = {isa = PBXBuildFile; fileRef = 62024B1F1CD5A3E500AB5C90 /* SessionData+CoreDataProperties.swift */; };
		62024B261CD5A3E500AB5C90 /* SessionData.swift in Sources */ = {isa = PBXBuildFile; fileRef = 62024B201CD5A3E500AB5C90 /* SessionData.swift */; };
		62024B281CD5A3E500AB5C90 /* SessionColumn.swift in Sources */ = {isa = PBXBuildFile; fileRef = 62024B221CD5A3E500AB5C90 /* SessionColumn.swift */; };
		62024B291CD5A3E500AB5C90 /* Friend+CoreDataProperties.swift in Sources */ = {isa = PBXBuildFile; fileRef = 62024B231CD5A3E500AB5C90 /* Friend+CoreDataProperties.swift */; };
		62024B2A1CD5A3E500AB5C90 /* Friend.swift in Sources */ = {isa = PBXBuildFile; fileRef = 62024B241CD5A3E500AB5C90 /* Friend.swift */; };
		62024B2C1CD60A0600AB5C90 /* SessionFactory.swift in Sources */ = {isa = PBXBuildFile; fileRef = 62024B2B1CD60A0600AB5C90 /* SessionFactory.swift */; };
		62024B2E1CD611D900AB5C90 /* TimeConverter.swift in Sources */ = {isa = PBXBuildFile; fileRef = 62024B2D1CD611D900AB5C90 /* TimeConverter.swift */; };
		6203A8201CCB4F8500401B07 /* DataHelper.swift in Sources */ = {isa = PBXBuildFile; fileRef = 6203A81F1CCB4F8500401B07 /* DataHelper.swift */; };
		6203A8221CCB6D5500401B07 /* DataEntity.swift in Sources */ = {isa = PBXBuildFile; fileRef = 6203A8211CCB6D5500401B07 /* DataEntity.swift */; };
		620E72E11CD76CCB0064B59F /* WindowsAzureMessaging.framework in Frameworks */ = {isa = PBXBuildFile; fileRef = 620E72E01CD76CCB0064B59F /* WindowsAzureMessaging.framework */; };
		621538FB1CCC7DD700554726 /* ManageFriendViewController.swift in Sources */ = {isa = PBXBuildFile; fileRef = 621538F91CCC7DD700554726 /* ManageFriendViewController.swift */; };
		621538FC1CCC7DD700554726 /* ManageFriendViewController.xib in Resources */ = {isa = PBXBuildFile; fileRef = 621538FA1CCC7DD700554726 /* ManageFriendViewController.xib */; };
		621539001CCCA03E00554726 /* ManageFriendCell.xib in Resources */ = {isa = PBXBuildFile; fileRef = 621538FF1CCCA03E00554726 /* ManageFriendCell.xib */; };
		621539031CCCC1A100554726 /* ManageFriendTableViewCell.swift in Sources */ = {isa = PBXBuildFile; fileRef = 621539021CCCC1A100554726 /* ManageFriendTableViewCell.swift */; };
		621539051CCCC68300554726 /* NibLoader.swift in Sources */ = {isa = PBXBuildFile; fileRef = 621539041CCCC68300554726 /* NibLoader.swift */; };
		622785E11C8B8947006FDD55 /* SigninAuth.swift in Sources */ = {isa = PBXBuildFile; fileRef = 622785E01C8B8947006FDD55 /* SigninAuth.swift */; };
		622785E31C8BBFD9006FDD55 /* GlobalString.swift in Sources */ = {isa = PBXBuildFile; fileRef = 622785E21C8BBFD9006FDD55 /* GlobalString.swift */; };
		622785E51C8BCA65006FDD55 /* ProfileViewController.xib in Resources */ = {isa = PBXBuildFile; fileRef = 622785E41C8BCA65006FDD55 /* ProfileViewController.xib */; };
		622785E71C8BCE2F006FDD55 /* ProfileViewController.swift in Sources */ = {isa = PBXBuildFile; fileRef = 622785E61C8BCE2F006FDD55 /* ProfileViewController.swift */; };
		622785EB1C8BD460006FDD55 /* MeetUpUserDefaults.swift in Sources */ = {isa = PBXBuildFile; fileRef = 622785EA1C8BD460006FDD55 /* MeetUpUserDefaults.swift */; };
		622785ED1C8C198D006FDD55 /* Navigator.swift in Sources */ = {isa = PBXBuildFile; fileRef = 622785EC1C8C198D006FDD55 /* Navigator.swift */; };
		622785F01C8C1C99006FDD55 /* ProfileModel.swift in Sources */ = {isa = PBXBuildFile; fileRef = 622785EF1C8C1C99006FDD55 /* ProfileModel.swift */; };
		622785F21C8C1E6B006FDD55 /* UpdateProfile.swift in Sources */ = {isa = PBXBuildFile; fileRef = 622785F11C8C1E6B006FDD55 /* UpdateProfile.swift */; };
		622785F41C8C2409006FDD55 /* TokenResponse.swift in Sources */ = {isa = PBXBuildFile; fileRef = 622785F31C8C2409006FDD55 /* TokenResponse.swift */; };
		623867361CCB1B47001ADA20 /* FriendListModel.swift in Sources */ = {isa = PBXBuildFile; fileRef = 623867351CCB1B47001ADA20 /* FriendListModel.swift */; };
		623867381CCB203E001ADA20 /* ListItem.swift in Sources */ = {isa = PBXBuildFile; fileRef = 623867371CCB203E001ADA20 /* ListItem.swift */; };
		6238673A1CCB214D001ADA20 /* FriendEntity.swift in Sources */ = {isa = PBXBuildFile; fileRef = 623867391CCB214D001ADA20 /* FriendEntity.swift */; };
		6238673D1CCB2BF9001ADA20 /* ModelFactory.swift in Sources */ = {isa = PBXBuildFile; fileRef = 6238673C1CCB2BF9001ADA20 /* ModelFactory.swift */; };
		623BBD5D1C7EE97800643C3C /* LoginViewController.xib in Resources */ = {isa = PBXBuildFile; fileRef = 623BBD5C1C7EE97800643C3C /* LoginViewController.xib */; };
		623BBD621C7EE9AD00643C3C /* LoginModel.swift in Sources */ = {isa = PBXBuildFile; fileRef = 623BBD611C7EE9AD00643C3C /* LoginModel.swift */; };
		623BBD641C7EE9E900643C3C /* LoginViewController.swift in Sources */ = {isa = PBXBuildFile; fileRef = 623BBD631C7EE9E900643C3C /* LoginViewController.swift */; };
		623D64441CD9F65C00F344E6 /* PushChannelModel.swift in Sources */ = {isa = PBXBuildFile; fileRef = 623D64431CD9F65C00F344E6 /* PushChannelModel.swift */; };
		623D64461CDB36A200F344E6 /* NotificationEntity.swift in Sources */ = {isa = PBXBuildFile; fileRef = 623D64451CDB36A200F344E6 /* NotificationEntity.swift */; };
		623D64481CDB563000F344E6 /* GetNotificationModel.swift in Sources */ = {isa = PBXBuildFile; fileRef = 623D64471CDB563000F344E6 /* GetNotificationModel.swift */; };
		623D644A1CDB580000F344E6 /* NotificationResponse.swift in Sources */ = {isa = PBXBuildFile; fileRef = 623D64491CDB580000F344E6 /* NotificationResponse.swift */; };
		6240B1991C86CEA100899CD9 /* User.swift in Sources */ = {isa = PBXBuildFile; fileRef = 6240B1981C86CEA100899CD9 /* User.swift */; };
		6240B19D1C86CF3600899CD9 /* ServiceHelper.swift in Sources */ = {isa = PBXBuildFile; fileRef = 6240B19C1C86CF3600899CD9 /* ServiceHelper.swift */; };
		6240B1AF1C86E90E00899CD9 /* Localizable.strings in Resources */ = {isa = PBXBuildFile; fileRef = 6240B1B11C86E90E00899CD9 /* Localizable.strings */; };
		6240B1B61C881FB500899CD9 /* BaseModel.swift in Sources */ = {isa = PBXBuildFile; fileRef = 6240B1B51C881FB500899CD9 /* BaseModel.swift */; };
		6240B1B81C8827C300899CD9 /* BaseViewController.swift in Sources */ = {isa = PBXBuildFile; fileRef = 6240B1B71C8827C300899CD9 /* BaseViewController.swift */; };
		6240B1BD1C8834D900899CD9 /* BaseResponse.swift in Sources */ = {isa = PBXBuildFile; fileRef = 6240B1BC1C8834D900899CD9 /* BaseResponse.swift */; };
		6263AE7B1D055F3A00E7C951 /* ContinuousLocationService.swift in Sources */ = {isa = PBXBuildFile; fileRef = 6263AE7A1D055F3A00E7C951 /* ContinuousLocationService.swift */; };
		6272DA721D276D91004A2116 /* FabricLogger.swift in Sources */ = {isa = PBXBuildFile; fileRef = 6272DA711D276D91004A2116 /* FabricLogger.swift */; };
		627780E81CEB25D700FF69E9 /* TempSessionModel.swift in Sources */ = {isa = PBXBuildFile; fileRef = 627780E71CEB25D700FF69E9 /* TempSessionModel.swift */; };
		627780EA1CEC6E1700FF69E9 /* SessionResponse.swift in Sources */ = {isa = PBXBuildFile; fileRef = 627780E91CEC6E1700FF69E9 /* SessionResponse.swift */; };
		628E94791CD9E2E0002385FD /* PushNotification.swift in Sources */ = {isa = PBXBuildFile; fileRef = 628E94781CD9E2E0002385FD /* PushNotification.swift */; };
		629FB5751D222A590099ADED /* DpBaseViewController.swift in Sources */ = {isa = PBXBuildFile; fileRef = 629FB5741D222A590099ADED /* DpBaseViewController.swift */; };
		62A352A01C7EE63E00701ECA /* MainViewController.xib in Resources */ = {isa = PBXBuildFile; fileRef = 62A3529F1C7EE63E00701ECA /* MainViewController.xib */; };
		62AB5F7C1C73057F008513DF /* AppDelegate.swift in Sources */ = {isa = PBXBuildFile; fileRef = 62AB5F7B1C73057F008513DF /* AppDelegate.swift */; };
		62AB5F7E1C73057F008513DF /* MainViewController.swift in Sources */ = {isa = PBXBuildFile; fileRef = 62AB5F7D1C73057F008513DF /* MainViewController.swift */; };
		62AB5F891C73057F008513DF /* LaunchScreen.storyboard in Resources */ = {isa = PBXBuildFile; fileRef = 62AB5F871C73057F008513DF /* LaunchScreen.storyboard */; };
		62ADC2361D043FA70044DD48 /* Location.gpx in Resources */ = {isa = PBXBuildFile; fileRef = 62ADC2351D043FA70044DD48 /* Location.gpx */; };
		62ADC2391D055CCD0044DD48 /* OneOffLocationService.swift in Sources */ = {isa = PBXBuildFile; fileRef = 62ADC2381D055CCD0044DD48 /* OneOffLocationService.swift */; };
		62B6983E1D23A82D00A015EF /* Assets.xcassets in Resources */ = {isa = PBXBuildFile; fileRef = 62B6983D1D23A82D00A015EF /* Assets.xcassets */; };
		62BD34881C8EB932008751B0 /* FacebookModel.swift in Sources */ = {isa = PBXBuildFile; fileRef = 62BD34871C8EB932008751B0 /* FacebookModel.swift */; };
		62BD348A1C8ED234008751B0 /* ContactListModel.swift in Sources */ = {isa = PBXBuildFile; fileRef = 62BD34891C8ED234008751B0 /* ContactListModel.swift */; };
		62C15D9B1CDDEF8C006B17A3 /* FriendSessionCell.xib in Resources */ = {isa = PBXBuildFile; fileRef = 62C15D9A1CDDEF8C006B17A3 /* FriendSessionCell.xib */; };
		62C15D9D1CDDF0EA006B17A3 /* FriendSessionTableViewCell.swift in Sources */ = {isa = PBXBuildFile; fileRef = 62C15D9C1CDDF0EA006B17A3 /* FriendSessionTableViewCell.swift */; };
		62C15D9F1CDEF78D006B17A3 /* SessionColumn+CoreDataProperties.swift in Sources */ = {isa = PBXBuildFile; fileRef = 62C15D9E1CDEF78D006B17A3 /* SessionColumn+CoreDataProperties.swift */; };
		62C2C9FD1C8AC9B90029B3DB /* RoundedButton.swift in Sources */ = {isa = PBXBuildFile; fileRef = 62C2C9FC1C8AC9B90029B3DB /* RoundedButton.swift */; };
		62C2CA021C8AE5440029B3DB /* Default-568h@2x.png in Resources */ = {isa = PBXBuildFile; fileRef = 62C2CA011C8AE5440029B3DB /* Default-568h@2x.png */; };
		62C2CA051C8AE60B0029B3DB /* DigitsModel.swift in Sources */ = {isa = PBXBuildFile; fileRef = 62C2CA041C8AE60B0029B3DB /* DigitsModel.swift */; };
		62C2CA071C8AE8470029B3DB /* CustomColor.swift in Sources */ = {isa = PBXBuildFile; fileRef = 62C2CA061C8AE8470029B3DB /* CustomColor.swift */; };
		62C3A6251CC384EB005D2F83 /* ErrorFactory.swift in Sources */ = {isa = PBXBuildFile; fileRef = 62C3A6241CC384EA005D2F83 /* ErrorFactory.swift */; };
		62C3A6271CC39559005D2F83 /* Contacts.swift in Sources */ = {isa = PBXBuildFile; fileRef = 62C3A6261CC39559005D2F83 /* Contacts.swift */; };
		62D5BF511CE08EDD0085CDBE /* TravelInfoFactory.swift in Sources */ = {isa = PBXBuildFile; fileRef = 62D5BF501CE08EDD0085CDBE /* TravelInfoFactory.swift */; };
		62D5BF531CE1E8080085CDBE /* LocationModelResponse.swift in Sources */ = {isa = PBXBuildFile; fileRef = 62D5BF521CE1E8080085CDBE /* LocationModelResponse.swift */; };
		62D5BF551CE1E9460085CDBE /* RequestLocationEntity.swift in Sources */ = {isa = PBXBuildFile; fileRef = 62D5BF541CE1E9460085CDBE /* RequestLocationEntity.swift */; };
		62D5BF591CE47F340085CDBE /* LocationServiceModel.swift in Sources */ = {isa = PBXBuildFile; fileRef = 62D5BF581CE47F340085CDBE /* LocationServiceModel.swift */; };
		62DE358A1CFAA19100CE46F5 /* CircularProgress.swift in Sources */ = {isa = PBXBuildFile; fileRef = 62DE35891CFAA19100CE46F5 /* CircularProgress.swift */; };
		62F8879C1CCDBDAE009C1C4F /* ImageFactory.swift in Sources */ = {isa = PBXBuildFile; fileRef = 62F8879B1CCDBDAE009C1C4F /* ImageFactory.swift */; };
		62F887A81CCE09B9009C1C4F /* ManageProfileViewController.swift in Sources */ = {isa = PBXBuildFile; fileRef = 62F887A71CCE09B9009C1C4F /* ManageProfileViewController.swift */; };
		62F887AA1CCE09F4009C1C4F /* ManageProfileViewController.xib in Resources */ = {isa = PBXBuildFile; fileRef = 62F887A91CCE09F4009C1C4F /* ManageProfileViewController.xib */; };
		62F887AC1CCE127F009C1C4F /* ManageProfileModel.swift in Sources */ = {isa = PBXBuildFile; fileRef = 62F887AB1CCE127F009C1C4F /* ManageProfileModel.swift */; };
		653B95412D35C0DAC541D3A0 /* Pods_MeetUp.framework in Frameworks */ = {isa = PBXBuildFile; fileRef = BC7FEE2F6C9D2355F7014324 /* Pods_MeetUp.framework */; };
/* End PBXBuildFile section */

/* Begin PBXFileReference section */
		62024B071CD2007A00AB5C90 /* MainModel.swift */ = {isa = PBXFileReference; fileEncoding = 4; lastKnownFileType = sourcecode.swift; path = MainModel.swift; sourceTree = "<group>"; };
		62024B091CD2069D00AB5C90 /* TableViewHeader.swift */ = {isa = PBXFileReference; fileEncoding = 4; lastKnownFileType = sourcecode.swift; path = TableViewHeader.swift; sourceTree = "<group>"; };
		62024B0C1CD21D1200AB5C90 /* MeetUp.xcdatamodel */ = {isa = PBXFileReference; lastKnownFileType = wrapper.xcdatamodel; path = MeetUp.xcdatamodel; sourceTree = "<group>"; };
		62024B0E1CD47A0C00AB5C90 /* SessionModel.swift */ = {isa = PBXFileReference; fileEncoding = 4; lastKnownFileType = sourcecode.swift; path = SessionModel.swift; sourceTree = "<group>"; };
		62024B1F1CD5A3E500AB5C90 /* SessionData+CoreDataProperties.swift */ = {isa = PBXFileReference; fileEncoding = 4; lastKnownFileType = sourcecode.swift; path = "SessionData+CoreDataProperties.swift"; sourceTree = "<group>"; };
		62024B201CD5A3E500AB5C90 /* SessionData.swift */ = {isa = PBXFileReference; fileEncoding = 4; lastKnownFileType = sourcecode.swift; path = SessionData.swift; sourceTree = "<group>"; };
		62024B221CD5A3E500AB5C90 /* SessionColumn.swift */ = {isa = PBXFileReference; fileEncoding = 4; lastKnownFileType = sourcecode.swift; path = SessionColumn.swift; sourceTree = "<group>"; };
		62024B231CD5A3E500AB5C90 /* Friend+CoreDataProperties.swift */ = {isa = PBXFileReference; fileEncoding = 4; lastKnownFileType = sourcecode.swift; path = "Friend+CoreDataProperties.swift"; sourceTree = "<group>"; };
		62024B241CD5A3E500AB5C90 /* Friend.swift */ = {isa = PBXFileReference; fileEncoding = 4; lastKnownFileType = sourcecode.swift; path = Friend.swift; sourceTree = "<group>"; };
		62024B2B1CD60A0600AB5C90 /* SessionFactory.swift */ = {isa = PBXFileReference; fileEncoding = 4; lastKnownFileType = sourcecode.swift; path = SessionFactory.swift; sourceTree = "<group>"; };
		62024B2D1CD611D900AB5C90 /* TimeConverter.swift */ = {isa = PBXFileReference; fileEncoding = 4; lastKnownFileType = sourcecode.swift; path = TimeConverter.swift; sourceTree = "<group>"; };
		6203A81F1CCB4F8500401B07 /* DataHelper.swift */ = {isa = PBXFileReference; fileEncoding = 4; lastKnownFileType = sourcecode.swift; path = DataHelper.swift; sourceTree = "<group>"; };
		6203A8211CCB6D5500401B07 /* DataEntity.swift */ = {isa = PBXFileReference; fileEncoding = 4; lastKnownFileType = sourcecode.swift; path = DataEntity.swift; sourceTree = "<group>"; };
		6203A8241CCB837D00401B07 /* WindowsAzureMessaging_Bridging_Header.h */ = {isa = PBXFileReference; lastKnownFileType = sourcecode.c.h; path = WindowsAzureMessaging_Bridging_Header.h; sourceTree = "<group>"; };
		620E72E01CD76CCB0064B59F /* WindowsAzureMessaging.framework */ = {isa = PBXFileReference; lastKnownFileType = wrapper.framework; path = WindowsAzureMessaging.framework; sourceTree = "<group>"; };
		621538F91CCC7DD700554726 /* ManageFriendViewController.swift */ = {isa = PBXFileReference; fileEncoding = 4; lastKnownFileType = sourcecode.swift; path = ManageFriendViewController.swift; sourceTree = "<group>"; };
		621538FA1CCC7DD700554726 /* ManageFriendViewController.xib */ = {isa = PBXFileReference; fileEncoding = 4; lastKnownFileType = file.xib; path = ManageFriendViewController.xib; sourceTree = "<group>"; };
		621538FF1CCCA03E00554726 /* ManageFriendCell.xib */ = {isa = PBXFileReference; fileEncoding = 4; lastKnownFileType = file.xib; path = ManageFriendCell.xib; sourceTree = "<group>"; };
		621539021CCCC1A100554726 /* ManageFriendTableViewCell.swift */ = {isa = PBXFileReference; fileEncoding = 4; lastKnownFileType = sourcecode.swift; path = ManageFriendTableViewCell.swift; sourceTree = "<group>"; };
		621539041CCCC68300554726 /* NibLoader.swift */ = {isa = PBXFileReference; fileEncoding = 4; lastKnownFileType = sourcecode.swift; path = NibLoader.swift; sourceTree = "<group>"; };
		622785E01C8B8947006FDD55 /* SigninAuth.swift */ = {isa = PBXFileReference; fileEncoding = 4; lastKnownFileType = sourcecode.swift; path = SigninAuth.swift; sourceTree = "<group>"; };
		622785E21C8BBFD9006FDD55 /* GlobalString.swift */ = {isa = PBXFileReference; fileEncoding = 4; lastKnownFileType = sourcecode.swift; path = GlobalString.swift; sourceTree = "<group>"; };
		622785E41C8BCA65006FDD55 /* ProfileViewController.xib */ = {isa = PBXFileReference; fileEncoding = 4; lastKnownFileType = file.xib; path = ProfileViewController.xib; sourceTree = "<group>"; };
		622785E61C8BCE2F006FDD55 /* ProfileViewController.swift */ = {isa = PBXFileReference; fileEncoding = 4; lastKnownFileType = sourcecode.swift; path = ProfileViewController.swift; sourceTree = "<group>"; };
		622785EA1C8BD460006FDD55 /* MeetUpUserDefaults.swift */ = {isa = PBXFileReference; fileEncoding = 4; lastKnownFileType = sourcecode.swift; path = MeetUpUserDefaults.swift; sourceTree = "<group>"; };
		622785EC1C8C198D006FDD55 /* Navigator.swift */ = {isa = PBXFileReference; fileEncoding = 4; lastKnownFileType = sourcecode.swift; path = Navigator.swift; sourceTree = "<group>"; };
		622785EF1C8C1C99006FDD55 /* ProfileModel.swift */ = {isa = PBXFileReference; fileEncoding = 4; lastKnownFileType = sourcecode.swift; path = ProfileModel.swift; sourceTree = "<group>"; };
		622785F11C8C1E6B006FDD55 /* UpdateProfile.swift */ = {isa = PBXFileReference; fileEncoding = 4; lastKnownFileType = sourcecode.swift; path = UpdateProfile.swift; sourceTree = "<group>"; };
		622785F31C8C2409006FDD55 /* TokenResponse.swift */ = {isa = PBXFileReference; fileEncoding = 4; lastKnownFileType = sourcecode.swift; path = TokenResponse.swift; sourceTree = "<group>"; };
		623867351CCB1B47001ADA20 /* FriendListModel.swift */ = {isa = PBXFileReference; fileEncoding = 4; lastKnownFileType = sourcecode.swift; path = FriendListModel.swift; sourceTree = "<group>"; };
		623867371CCB203E001ADA20 /* ListItem.swift */ = {isa = PBXFileReference; fileEncoding = 4; lastKnownFileType = sourcecode.swift; path = ListItem.swift; sourceTree = "<group>"; };
		623867391CCB214D001ADA20 /* FriendEntity.swift */ = {isa = PBXFileReference; fileEncoding = 4; lastKnownFileType = sourcecode.swift; path = FriendEntity.swift; sourceTree = "<group>"; };
		6238673C1CCB2BF9001ADA20 /* ModelFactory.swift */ = {isa = PBXFileReference; fileEncoding = 4; lastKnownFileType = sourcecode.swift; path = ModelFactory.swift; sourceTree = "<group>"; };
		623BBD5C1C7EE97800643C3C /* LoginViewController.xib */ = {isa = PBXFileReference; fileEncoding = 4; lastKnownFileType = file.xib; path = LoginViewController.xib; sourceTree = "<group>"; };
		623BBD611C7EE9AD00643C3C /* LoginModel.swift */ = {isa = PBXFileReference; fileEncoding = 4; lastKnownFileType = sourcecode.swift; path = LoginModel.swift; sourceTree = "<group>"; };
		623BBD631C7EE9E900643C3C /* LoginViewController.swift */ = {isa = PBXFileReference; fileEncoding = 4; lastKnownFileType = sourcecode.swift; path = LoginViewController.swift; sourceTree = "<group>"; };
		623D64431CD9F65C00F344E6 /* PushChannelModel.swift */ = {isa = PBXFileReference; fileEncoding = 4; lastKnownFileType = sourcecode.swift; path = PushChannelModel.swift; sourceTree = "<group>"; };
		623D64451CDB36A200F344E6 /* NotificationEntity.swift */ = {isa = PBXFileReference; fileEncoding = 4; lastKnownFileType = sourcecode.swift; path = NotificationEntity.swift; sourceTree = "<group>"; };
		623D64471CDB563000F344E6 /* GetNotificationModel.swift */ = {isa = PBXFileReference; fileEncoding = 4; lastKnownFileType = sourcecode.swift; path = GetNotificationModel.swift; sourceTree = "<group>"; };
		623D64491CDB580000F344E6 /* NotificationResponse.swift */ = {isa = PBXFileReference; fileEncoding = 4; lastKnownFileType = sourcecode.swift; path = NotificationResponse.swift; sourceTree = "<group>"; };
		6240B1981C86CEA100899CD9 /* User.swift */ = {isa = PBXFileReference; fileEncoding = 4; lastKnownFileType = sourcecode.swift; path = User.swift; sourceTree = "<group>"; };
		6240B19C1C86CF3600899CD9 /* ServiceHelper.swift */ = {isa = PBXFileReference; fileEncoding = 4; lastKnownFileType = sourcecode.swift; path = ServiceHelper.swift; sourceTree = "<group>"; };
		6240B1B01C86E90E00899CD9 /* en */ = {isa = PBXFileReference; lastKnownFileType = text.plist.strings; name = en; path = en.lproj/Localizable.strings; sourceTree = "<group>"; };
		6240B1B31C86E99700899CD9 /* zh-Hans */ = {isa = PBXFileReference; lastKnownFileType = text.plist.strings; name = "zh-Hans"; path = "zh-Hans.lproj/Localizable.strings"; sourceTree = "<group>"; };
		6240B1B41C86EC3800899CD9 /* en */ = {isa = PBXFileReference; lastKnownFileType = file.storyboard; name = en; path = en.lproj/LaunchScreen.storyboard; sourceTree = "<group>"; };
		6240B1B51C881FB500899CD9 /* BaseModel.swift */ = {isa = PBXFileReference; fileEncoding = 4; lastKnownFileType = sourcecode.swift; path = BaseModel.swift; sourceTree = "<group>"; };
		6240B1B71C8827C300899CD9 /* BaseViewController.swift */ = {isa = PBXFileReference; fileEncoding = 4; lastKnownFileType = sourcecode.swift; path = BaseViewController.swift; sourceTree = "<group>"; };
		6240B1BC1C8834D900899CD9 /* BaseResponse.swift */ = {isa = PBXFileReference; fileEncoding = 4; lastKnownFileType = sourcecode.swift; path = BaseResponse.swift; sourceTree = "<group>"; };
		6263AE7A1D055F3A00E7C951 /* ContinuousLocationService.swift */ = {isa = PBXFileReference; fileEncoding = 4; lastKnownFileType = sourcecode.swift; path = ContinuousLocationService.swift; sourceTree = "<group>"; };
		6272DA711D276D91004A2116 /* FabricLogger.swift */ = {isa = PBXFileReference; fileEncoding = 4; lastKnownFileType = sourcecode.swift; path = FabricLogger.swift; sourceTree = "<group>"; };
		627780E71CEB25D700FF69E9 /* TempSessionModel.swift */ = {isa = PBXFileReference; fileEncoding = 4; lastKnownFileType = sourcecode.swift; path = TempSessionModel.swift; sourceTree = "<group>"; };
		627780E91CEC6E1700FF69E9 /* SessionResponse.swift */ = {isa = PBXFileReference; fileEncoding = 4; lastKnownFileType = sourcecode.swift; path = SessionResponse.swift; sourceTree = "<group>"; };
		628E94781CD9E2E0002385FD /* PushNotification.swift */ = {isa = PBXFileReference; fileEncoding = 4; lastKnownFileType = sourcecode.swift; path = PushNotification.swift; sourceTree = "<group>"; };
		629205E61D0D6EA7007FBBB9 /* MeetUp 2.xcdatamodel */ = {isa = PBXFileReference; lastKnownFileType = wrapper.xcdatamodel; path = "MeetUp 2.xcdatamodel"; sourceTree = "<group>"; };
		629FB5741D222A590099ADED /* DpBaseViewController.swift */ = {isa = PBXFileReference; fileEncoding = 4; lastKnownFileType = sourcecode.swift; path = DpBaseViewController.swift; sourceTree = "<group>"; };
		62A3529F1C7EE63E00701ECA /* MainViewController.xib */ = {isa = PBXFileReference; fileEncoding = 4; lastKnownFileType = file.xib; path = MainViewController.xib; sourceTree = "<group>"; };
		62AB5F781C73057F008513DF /* MeetUp.app */ = {isa = PBXFileReference; explicitFileType = wrapper.application; includeInIndex = 0; path = MeetUp.app; sourceTree = BUILT_PRODUCTS_DIR; };
		62AB5F7B1C73057F008513DF /* AppDelegate.swift */ = {isa = PBXFileReference; lastKnownFileType = sourcecode.swift; path = AppDelegate.swift; sourceTree = "<group>"; };
		62AB5F7D1C73057F008513DF /* MainViewController.swift */ = {isa = PBXFileReference; lastKnownFileType = sourcecode.swift; path = MainViewController.swift; sourceTree = "<group>"; };
		62AB5F8A1C73057F008513DF /* Info.plist */ = {isa = PBXFileReference; lastKnownFileType = text.plist.xml; name = Info.plist; path = MeetUp/Info.plist; sourceTree = "<group>"; };
		62ADC2351D043FA70044DD48 /* Location.gpx */ = {isa = PBXFileReference; fileEncoding = 4; lastKnownFileType = text.xml; path = Location.gpx; sourceTree = "<group>"; };
		62ADC2381D055CCD0044DD48 /* OneOffLocationService.swift */ = {isa = PBXFileReference; fileEncoding = 4; lastKnownFileType = sourcecode.swift; path = OneOffLocationService.swift; sourceTree = "<group>"; };
		62B6983D1D23A82D00A015EF /* Assets.xcassets */ = {isa = PBXFileReference; lastKnownFileType = folder.assetcatalog; path = Assets.xcassets; sourceTree = "<group>"; };
		62BD34871C8EB932008751B0 /* FacebookModel.swift */ = {isa = PBXFileReference; fileEncoding = 4; lastKnownFileType = sourcecode.swift; path = FacebookModel.swift; sourceTree = "<group>"; };
		62BD34891C8ED234008751B0 /* ContactListModel.swift */ = {isa = PBXFileReference; fileEncoding = 4; lastKnownFileType = sourcecode.swift; path = ContactListModel.swift; sourceTree = "<group>"; };
		62C15D9A1CDDEF8C006B17A3 /* FriendSessionCell.xib */ = {isa = PBXFileReference; fileEncoding = 4; lastKnownFileType = file.xib; path = FriendSessionCell.xib; sourceTree = "<group>"; };
		62C15D9C1CDDF0EA006B17A3 /* FriendSessionTableViewCell.swift */ = {isa = PBXFileReference; fileEncoding = 4; lastKnownFileType = sourcecode.swift; path = FriendSessionTableViewCell.swift; sourceTree = "<group>"; };
		62C15D9E1CDEF78D006B17A3 /* SessionColumn+CoreDataProperties.swift */ = {isa = PBXFileReference; fileEncoding = 4; lastKnownFileType = sourcecode.swift; path = "SessionColumn+CoreDataProperties.swift"; sourceTree = "<group>"; };
		62C2C9FC1C8AC9B90029B3DB /* RoundedButton.swift */ = {isa = PBXFileReference; fileEncoding = 4; lastKnownFileType = sourcecode.swift; path = RoundedButton.swift; sourceTree = "<group>"; };
		62C2CA011C8AE5440029B3DB /* Default-568h@2x.png */ = {isa = PBXFileReference; lastKnownFileType = image.png; path = "Default-568h@2x.png"; sourceTree = "<group>"; };
		62C2CA041C8AE60B0029B3DB /* DigitsModel.swift */ = {isa = PBXFileReference; fileEncoding = 4; lastKnownFileType = sourcecode.swift; path = DigitsModel.swift; sourceTree = "<group>"; };
		62C2CA061C8AE8470029B3DB /* CustomColor.swift */ = {isa = PBXFileReference; fileEncoding = 4; lastKnownFileType = sourcecode.swift; path = CustomColor.swift; sourceTree = "<group>"; };
		62C3A6241CC384EA005D2F83 /* ErrorFactory.swift */ = {isa = PBXFileReference; fileEncoding = 4; lastKnownFileType = sourcecode.swift; path = ErrorFactory.swift; sourceTree = "<group>"; };
		62C3A6261CC39559005D2F83 /* Contacts.swift */ = {isa = PBXFileReference; fileEncoding = 4; lastKnownFileType = sourcecode.swift; path = Contacts.swift; sourceTree = "<group>"; };
		62D5BF501CE08EDD0085CDBE /* TravelInfoFactory.swift */ = {isa = PBXFileReference; fileEncoding = 4; lastKnownFileType = sourcecode.swift; path = TravelInfoFactory.swift; sourceTree = "<group>"; };
		62D5BF521CE1E8080085CDBE /* LocationModelResponse.swift */ = {isa = PBXFileReference; fileEncoding = 4; lastKnownFileType = sourcecode.swift; path = LocationModelResponse.swift; sourceTree = "<group>"; };
		62D5BF541CE1E9460085CDBE /* RequestLocationEntity.swift */ = {isa = PBXFileReference; fileEncoding = 4; lastKnownFileType = sourcecode.swift; path = RequestLocationEntity.swift; sourceTree = "<group>"; };
		62D5BF581CE47F340085CDBE /* LocationServiceModel.swift */ = {isa = PBXFileReference; fileEncoding = 4; lastKnownFileType = sourcecode.swift; path = LocationServiceModel.swift; sourceTree = "<group>"; };
		62DE35891CFAA19100CE46F5 /* CircularProgress.swift */ = {isa = PBXFileReference; fileEncoding = 4; lastKnownFileType = sourcecode.swift; path = CircularProgress.swift; sourceTree = "<group>"; };
		62F8879B1CCDBDAE009C1C4F /* ImageFactory.swift */ = {isa = PBXFileReference; fileEncoding = 4; lastKnownFileType = sourcecode.swift; path = ImageFactory.swift; sourceTree = "<group>"; };
		62F887A71CCE09B9009C1C4F /* ManageProfileViewController.swift */ = {isa = PBXFileReference; fileEncoding = 4; lastKnownFileType = sourcecode.swift; path = ManageProfileViewController.swift; sourceTree = "<group>"; };
		62F887A91CCE09F4009C1C4F /* ManageProfileViewController.xib */ = {isa = PBXFileReference; fileEncoding = 4; lastKnownFileType = file.xib; path = ManageProfileViewController.xib; sourceTree = "<group>"; };
		62F887AB1CCE127F009C1C4F /* ManageProfileModel.swift */ = {isa = PBXFileReference; fileEncoding = 4; lastKnownFileType = sourcecode.swift; path = ManageProfileModel.swift; sourceTree = "<group>"; };
		BC7FEE2F6C9D2355F7014324 /* Pods_MeetUp.framework */ = {isa = PBXFileReference; explicitFileType = wrapper.framework; includeInIndex = 0; path = Pods_MeetUp.framework; sourceTree = BUILT_PRODUCTS_DIR; };
		D13B20D89153F4132EB95735 /* Pods-MeetUp.release.xcconfig */ = {isa = PBXFileReference; includeInIndex = 1; lastKnownFileType = text.xcconfig; name = "Pods-MeetUp.release.xcconfig"; path = "Pods/Target Support Files/Pods-MeetUp/Pods-MeetUp.release.xcconfig"; sourceTree = "<group>"; };
		D958C55934E8DFB1745195A1 /* Pods-MeetUp.debug.xcconfig */ = {isa = PBXFileReference; includeInIndex = 1; lastKnownFileType = text.xcconfig; name = "Pods-MeetUp.debug.xcconfig"; path = "Pods/Target Support Files/Pods-MeetUp/Pods-MeetUp.debug.xcconfig"; sourceTree = "<group>"; };
/* End PBXFileReference section */

/* Begin PBXFrameworksBuildPhase section */
		62AB5F751C73057F008513DF /* Frameworks */ = {
			isa = PBXFrameworksBuildPhase;
			buildActionMask = 2147483647;
			files = (
				653B95412D35C0DAC541D3A0 /* Pods_MeetUp.framework in Frameworks */,
				620E72E11CD76CCB0064B59F /* WindowsAzureMessaging.framework in Frameworks */,
			);
			runOnlyForDeploymentPostprocessing = 0;
		};
/* End PBXFrameworksBuildPhase section */

/* Begin PBXGroup section */
		62024B121CD59A1100AB5C90 /* Entity */ = {
			isa = PBXGroup;
			children = (
				62C15D9E1CDEF78D006B17A3 /* SessionColumn+CoreDataProperties.swift */,
				62024B1F1CD5A3E500AB5C90 /* SessionData+CoreDataProperties.swift */,
				62024B201CD5A3E500AB5C90 /* SessionData.swift */,
				62024B221CD5A3E500AB5C90 /* SessionColumn.swift */,
				62024B231CD5A3E500AB5C90 /* Friend+CoreDataProperties.swift */,
				62024B241CD5A3E500AB5C90 /* Friend.swift */,
			);
			name = Entity;
			sourceTree = "<group>";
		};
		6203A81E1CCB4F7300401B07 /* CoreData */ = {
			isa = PBXGroup;
			children = (
				62024B121CD59A1100AB5C90 /* Entity */,
				6203A81F1CCB4F8500401B07 /* DataHelper.swift */,
				6203A8211CCB6D5500401B07 /* DataEntity.swift */,
			);
			name = CoreData;
			sourceTree = "<group>";
		};
		621539011CCCC17800554726 /* View */ = {
			isa = PBXGroup;
			children = (
				62C15D9C1CDDF0EA006B17A3 /* FriendSessionTableViewCell.swift */,
				621539021CCCC1A100554726 /* ManageFriendTableViewCell.swift */,
				62024B091CD2069D00AB5C90 /* TableViewHeader.swift */,
			);
			name = View;
			sourceTree = "<group>";
		};
		622785EE1C8C1C12006FDD55 /* ViewController */ = {
			isa = PBXGroup;
			children = (
				62AB5F7D1C73057F008513DF /* MainViewController.swift */,
				623BBD631C7EE9E900643C3C /* LoginViewController.swift */,
				6240B1B71C8827C300899CD9 /* BaseViewController.swift */,
				622785E61C8BCE2F006FDD55 /* ProfileViewController.swift */,
				621538F91CCC7DD700554726 /* ManageFriendViewController.swift */,
				62F887A71CCE09B9009C1C4F /* ManageProfileViewController.swift */,
				629FB5741D222A590099ADED /* DpBaseViewController.swift */,
			);
			name = ViewController;
			sourceTree = "<group>";
		};
		623BBD5A1C7EE91600643C3C /* View */ = {
			isa = PBXGroup;
			children = (
				62C15D9A1CDDEF8C006B17A3 /* FriendSessionCell.xib */,
				621538FF1CCCA03E00554726 /* ManageFriendCell.xib */,
				6240B1B91C88285B00899CD9 /* ViewController */,
			);
			name = View;
			sourceTree = "<group>";
		};
		623BBD5B1C7EE92A00643C3C /* Controller */ = {
			isa = PBXGroup;
			children = (
				621539011CCCC17800554726 /* View */,
				622785EE1C8C1C12006FDD55 /* ViewController */,
				622785EC1C8C198D006FDD55 /* Navigator.swift */,
			);
			name = Controller;
			sourceTree = "<group>";
		};
		623BBD601C7EE99A00643C3C /* Model */ = {
			isa = PBXGroup;
			children = (
				62ADC2371D055CA80044DD48 /* LocationService */,
				6203A81E1CCB4F7300401B07 /* CoreData */,
				62BD34861C8EB90A008751B0 /* AddonLibrary */,
				6240B19A1C86CEC500899CD9 /* Post */,
				6240B1971C86CE8800899CD9 /* Response */,
				623BBD611C7EE9AD00643C3C /* LoginModel.swift */,
				622785EF1C8C1C99006FDD55 /* ProfileModel.swift */,
				6240B1B51C881FB500899CD9 /* BaseModel.swift */,
				623867351CCB1B47001ADA20 /* FriendListModel.swift */,
				62F887AB1CCE127F009C1C4F /* ManageProfileModel.swift */,
				62024B071CD2007A00AB5C90 /* MainModel.swift */,
				62024B0E1CD47A0C00AB5C90 /* SessionModel.swift */,
				623D64431CD9F65C00F344E6 /* PushChannelModel.swift */,
				623D64471CDB563000F344E6 /* GetNotificationModel.swift */,
				627780E71CEB25D700FF69E9 /* TempSessionModel.swift */,
			);
			name = Model;
			sourceTree = "<group>";
		};
		6240B1971C86CE8800899CD9 /* Response */ = {
			isa = PBXGroup;
			children = (
				6240B1981C86CEA100899CD9 /* User.swift */,
				6240B1BC1C8834D900899CD9 /* BaseResponse.swift */,
				622785F31C8C2409006FDD55 /* TokenResponse.swift */,
				623867371CCB203E001ADA20 /* ListItem.swift */,
				623867391CCB214D001ADA20 /* FriendEntity.swift */,
				623D64491CDB580000F344E6 /* NotificationResponse.swift */,
				62D5BF521CE1E8080085CDBE /* LocationModelResponse.swift */,
				627780E91CEC6E1700FF69E9 /* SessionResponse.swift */,
			);
			name = Response;
			sourceTree = "<group>";
		};
		6240B19A1C86CEC500899CD9 /* Post */ = {
			isa = PBXGroup;
			children = (
				622785E01C8B8947006FDD55 /* SigninAuth.swift */,
				622785F11C8C1E6B006FDD55 /* UpdateProfile.swift */,
				62C3A6261CC39559005D2F83 /* Contacts.swift */,
				623D64451CDB36A200F344E6 /* NotificationEntity.swift */,
				62D5BF541CE1E9460085CDBE /* RequestLocationEntity.swift */,
			);
			name = Post;
			sourceTree = "<group>";
		};
		6240B19B1C86CF0E00899CD9 /* Network */ = {
			isa = PBXGroup;
			children = (
				6240B19C1C86CF3600899CD9 /* ServiceHelper.swift */,
			);
			name = Network;
			sourceTree = "<group>";
		};
		6240B1B91C88285B00899CD9 /* ViewController */ = {
			isa = PBXGroup;
			children = (
				621538FA1CCC7DD700554726 /* ManageFriendViewController.xib */,
				62F887A91CCE09F4009C1C4F /* ManageProfileViewController.xib */,
				62A3529F1C7EE63E00701ECA /* MainViewController.xib */,
				623BBD5C1C7EE97800643C3C /* LoginViewController.xib */,
				622785E41C8BCA65006FDD55 /* ProfileViewController.xib */,
			);
			name = ViewController;
			sourceTree = "<group>";
		};
		62794FDF1C8D77E100112261 /* Facebook */ = {
			isa = PBXGroup;
			children = (
			);
			name = Facebook;
			sourceTree = "<group>";
		};
		62AB5F6F1C73057F008513DF = {
			isa = PBXGroup;
			children = (
				62AB5F7A1C73057F008513DF /* MeetUp */,
				6240B1B11C86E90E00899CD9 /* Localizable.strings */,
				62024B0B1CD21D1200AB5C90 /* MeetUp.xcdatamodeld */,
				62B6983D1D23A82D00A015EF /* Assets.xcassets */,
				62AB5F871C73057F008513DF /* LaunchScreen.storyboard */,
				62AB5F8A1C73057F008513DF /* Info.plist */,
				62AB5F791C73057F008513DF /* Products */,
				62C2CA031C8AE55B0029B3DB /* Support */,
				6E2B3280B9B1C273820C92D2 /* Pods */,
				E9783D84E790D32DB76B19CC /* Frameworks */,
			);
			sourceTree = "<group>";
		};
		62AB5F791C73057F008513DF /* Products */ = {
			isa = PBXGroup;
			children = (
				62AB5F781C73057F008513DF /* MeetUp.app */,
			);
			name = Products;
			sourceTree = "<group>";
		};
		62AB5F7A1C73057F008513DF /* MeetUp */ = {
			isa = PBXGroup;
			children = (
				62C3A6231CC384D8005D2F83 /* Factory */,
				62C2C9FB1C8AC9A00029B3DB /* Utils */,
				6240B19B1C86CF0E00899CD9 /* Network */,
				623BBD601C7EE99A00643C3C /* Model */,
				623BBD5B1C7EE92A00643C3C /* Controller */,
				623BBD5A1C7EE91600643C3C /* View */,
				62AB5F7B1C73057F008513DF /* AppDelegate.swift */,
				62ADC2351D043FA70044DD48 /* Location.gpx */,
			);
			path = MeetUp;
			sourceTree = "<group>";
		};
		62ADC2371D055CA80044DD48 /* LocationService */ = {
			isa = PBXGroup;
			children = (
				62D5BF581CE47F340085CDBE /* LocationServiceModel.swift */,
				62ADC2381D055CCD0044DD48 /* OneOffLocationService.swift */,
				6263AE7A1D055F3A00E7C951 /* ContinuousLocationService.swift */,
			);
			name = LocationService;
			sourceTree = "<group>";
		};
		62BD34861C8EB90A008751B0 /* AddonLibrary */ = {
			isa = PBXGroup;
			children = (
				62C2CA041C8AE60B0029B3DB /* DigitsModel.swift */,
				62BD34871C8EB932008751B0 /* FacebookModel.swift */,
				62BD34891C8ED234008751B0 /* ContactListModel.swift */,
			);
			name = AddonLibrary;
			sourceTree = "<group>";
		};
		62C2C9FB1C8AC9A00029B3DB /* Utils */ = {
			isa = PBXGroup;
			children = (
				62794FDF1C8D77E100112261 /* Facebook */,
				62C2C9FC1C8AC9B90029B3DB /* RoundedButton.swift */,
				62C2CA061C8AE8470029B3DB /* CustomColor.swift */,
				622785E21C8BBFD9006FDD55 /* GlobalString.swift */,
				622785EA1C8BD460006FDD55 /* MeetUpUserDefaults.swift */,
				621539041CCCC68300554726 /* NibLoader.swift */,
				62024B2D1CD611D900AB5C90 /* TimeConverter.swift */,
				62DE35891CFAA19100CE46F5 /* CircularProgress.swift */,
				6272DA711D276D91004A2116 /* FabricLogger.swift */,
			);
			name = Utils;
			sourceTree = "<group>";
		};
		62C2CA031C8AE55B0029B3DB /* Support */ = {
			isa = PBXGroup;
			children = (
				6203A8241CCB837D00401B07 /* WindowsAzureMessaging_Bridging_Header.h */,
				62C2CA011C8AE5440029B3DB /* Default-568h@2x.png */,
			);
			name = Support;
			sourceTree = "<group>";
		};
		62C3A6231CC384D8005D2F83 /* Factory */ = {
			isa = PBXGroup;
			children = (
				62C3A6241CC384EA005D2F83 /* ErrorFactory.swift */,
				6238673C1CCB2BF9001ADA20 /* ModelFactory.swift */,
				62F8879B1CCDBDAE009C1C4F /* ImageFactory.swift */,
				62024B2B1CD60A0600AB5C90 /* SessionFactory.swift */,
				628E94781CD9E2E0002385FD /* PushNotification.swift */,
				62D5BF501CE08EDD0085CDBE /* TravelInfoFactory.swift */,
			);
			name = Factory;
			sourceTree = "<group>";
		};
		6E2B3280B9B1C273820C92D2 /* Pods */ = {
			isa = PBXGroup;
			children = (
				D958C55934E8DFB1745195A1 /* Pods-MeetUp.debug.xcconfig */,
				D13B20D89153F4132EB95735 /* Pods-MeetUp.release.xcconfig */,
			);
			name = Pods;
			sourceTree = "<group>";
		};
		E9783D84E790D32DB76B19CC /* Frameworks */ = {
			isa = PBXGroup;
			children = (
				620E72E01CD76CCB0064B59F /* WindowsAzureMessaging.framework */,
				BC7FEE2F6C9D2355F7014324 /* Pods_MeetUp.framework */,
			);
			name = Frameworks;
			sourceTree = "<group>";
		};
/* End PBXGroup section */

/* Begin PBXNativeTarget section */
		62AB5F771C73057F008513DF /* MeetUp */ = {
			isa = PBXNativeTarget;
			buildConfigurationList = 62AB5F8D1C73057F008513DF /* Build configuration list for PBXNativeTarget "MeetUp" */;
			buildPhases = (
				EC652BE271AE20FA7095A323 /* Check Pods Manifest.lock */,
				62AB5F741C73057F008513DF /* Sources */,
				62AB5F751C73057F008513DF /* Frameworks */,
				62AB5F761C73057F008513DF /* Resources */,
				D34AF9E7CEE4A7FE4697F004 /* Embed Pods Frameworks */,
				92C43AC0D0226675BA308C43 /* Copy Pods Resources */,
				62C2C9FE1C8AE3540029B3DB /* Run Script */,
			);
			buildRules = (
			);
			dependencies = (
			);
			name = MeetUp;
			productName = MeetUp;
			productReference = 62AB5F781C73057F008513DF /* MeetUp.app */;
			productType = "com.apple.product-type.application";
		};
/* End PBXNativeTarget section */

/* Begin PBXProject section */
		62AB5F701C73057F008513DF /* Project object */ = {
			isa = PBXProject;
			attributes = {
				LastSwiftUpdateCheck = 0730;
				LastUpgradeCheck = 0720;
				ORGANIZATIONNAME = Chris;
				TargetAttributes = {
					62AB5F771C73057F008513DF = {
						CreatedOnToolsVersion = 7.2.1;
						DevelopmentTeam = ZRT4S2RD26;
						SystemCapabilities = {
							com.apple.BackgroundModes = {
								enabled = 1;
							};
							com.apple.Push = {
								enabled = 1;
							};
						};
					};
				};
			};
			buildConfigurationList = 62AB5F731C73057F008513DF /* Build configuration list for PBXProject "MeetUp" */;
			compatibilityVersion = "Xcode 3.2";
			developmentRegion = English;
			hasScannedForEncodings = 0;
			knownRegions = (
				en,
				"zh-Hans",
			);
			mainGroup = 62AB5F6F1C73057F008513DF;
			productRefGroup = 62AB5F791C73057F008513DF /* Products */;
			projectDirPath = "";
			projectRoot = "";
			targets = (
				62AB5F771C73057F008513DF /* MeetUp */,
			);
		};
/* End PBXProject section */

/* Begin PBXResourcesBuildPhase section */
		62AB5F761C73057F008513DF /* Resources */ = {
			isa = PBXResourcesBuildPhase;
			buildActionMask = 2147483647;
			files = (
				6240B1AF1C86E90E00899CD9 /* Localizable.strings in Resources */,
				622785E51C8BCA65006FDD55 /* ProfileViewController.xib in Resources */,
				623BBD5D1C7EE97800643C3C /* LoginViewController.xib in Resources */,
				62F887AA1CCE09F4009C1C4F /* ManageProfileViewController.xib in Resources */,
				621539001CCCA03E00554726 /* ManageFriendCell.xib in Resources */,
				62B6983E1D23A82D00A015EF /* Assets.xcassets in Resources */,
				62C15D9B1CDDEF8C006B17A3 /* FriendSessionCell.xib in Resources */,
				62A352A01C7EE63E00701ECA /* MainViewController.xib in Resources */,
				62AB5F891C73057F008513DF /* LaunchScreen.storyboard in Resources */,
				62C2CA021C8AE5440029B3DB /* Default-568h@2x.png in Resources */,
				62ADC2361D043FA70044DD48 /* Location.gpx in Resources */,
				621538FC1CCC7DD700554726 /* ManageFriendViewController.xib in Resources */,
			);
			runOnlyForDeploymentPostprocessing = 0;
		};
/* End PBXResourcesBuildPhase section */

/* Begin PBXShellScriptBuildPhase section */
		62C2C9FE1C8AE3540029B3DB /* Run Script */ = {
			isa = PBXShellScriptBuildPhase;
			buildActionMask = 2147483647;
			files = (
			);
			inputPaths = (
			);
			name = "Run Script";
			outputPaths = (
			);
			runOnlyForDeploymentPostprocessing = 0;
			shellPath = /bin/sh;
			shellScript = "\"${PODS_ROOT}/Fabric/run\" 3079a9957e68f68df335e1a9b7c0639f58b480a4 0669ef4af6c4a013fb9fc088797dbc5cdf73d1c88bf647e0f20c65b13e97a64a";
		};
		92C43AC0D0226675BA308C43 /* Copy Pods Resources */ = {
			isa = PBXShellScriptBuildPhase;
			buildActionMask = 2147483647;
			files = (
			);
			inputPaths = (
			);
			name = "Copy Pods Resources";
			outputPaths = (
			);
			runOnlyForDeploymentPostprocessing = 0;
			shellPath = /bin/sh;
			shellScript = "\"${SRCROOT}/Pods/Target Support Files/Pods-MeetUp/Pods-MeetUp-resources.sh\"\n";
			showEnvVarsInLog = 0;
		};
		D34AF9E7CEE4A7FE4697F004 /* Embed Pods Frameworks */ = {
			isa = PBXShellScriptBuildPhase;
			buildActionMask = 2147483647;
			files = (
			);
			inputPaths = (
			);
			name = "Embed Pods Frameworks";
			outputPaths = (
			);
			runOnlyForDeploymentPostprocessing = 0;
			shellPath = /bin/sh;
			shellScript = "\"${SRCROOT}/Pods/Target Support Files/Pods-MeetUp/Pods-MeetUp-frameworks.sh\"\n";
			showEnvVarsInLog = 0;
		};
		EC652BE271AE20FA7095A323 /* Check Pods Manifest.lock */ = {
			isa = PBXShellScriptBuildPhase;
			buildActionMask = 2147483647;
			files = (
			);
			inputPaths = (
			);
			name = "Check Pods Manifest.lock";
			outputPaths = (
			);
			runOnlyForDeploymentPostprocessing = 0;
			shellPath = /bin/sh;
			shellScript = "diff \"${PODS_ROOT}/../Podfile.lock\" \"${PODS_ROOT}/Manifest.lock\" > /dev/null\nif [[ $? != 0 ]] ; then\n    cat << EOM\nerror: The sandbox is not in sync with the Podfile.lock. Run 'pod install' or update your CocoaPods installation.\nEOM\n    exit 1\nfi\n";
			showEnvVarsInLog = 0;
		};
/* End PBXShellScriptBuildPhase section */

/* Begin PBXSourcesBuildPhase section */
		62AB5F741C73057F008513DF /* Sources */ = {
			isa = PBXSourcesBuildPhase;
			buildActionMask = 2147483647;
			files = (
				62C15D9F1CDEF78D006B17A3 /* SessionColumn+CoreDataProperties.swift in Sources */,
				621539031CCCC1A100554726 /* ManageFriendTableViewCell.swift in Sources */,
				623D644A1CDB580000F344E6 /* NotificationResponse.swift in Sources */,
				623BBD621C7EE9AD00643C3C /* LoginModel.swift in Sources */,
				628E94791CD9E2E0002385FD /* PushNotification.swift in Sources */,
				623D64481CDB563000F344E6 /* GetNotificationModel.swift in Sources */,
				623867361CCB1B47001ADA20 /* FriendListModel.swift in Sources */,
				6238673D1CCB2BF9001ADA20 /* ModelFactory.swift in Sources */,
				627780E81CEB25D700FF69E9 /* TempSessionModel.swift in Sources */,
				6240B19D1C86CF3600899CD9 /* ServiceHelper.swift in Sources */,
				62024B291CD5A3E500AB5C90 /* Friend+CoreDataProperties.swift in Sources */,
				62024B081CD2007A00AB5C90 /* MainModel.swift in Sources */,
				62024B251CD5A3E500AB5C90 /* SessionData+CoreDataProperties.swift in Sources */,
				62D5BF511CE08EDD0085CDBE /* TravelInfoFactory.swift in Sources */,
				627780EA1CEC6E1700FF69E9 /* SessionResponse.swift in Sources */,
				62ADC2391D055CCD0044DD48 /* OneOffLocationService.swift in Sources */,
				621539051CCCC68300554726 /* NibLoader.swift in Sources */,
				62AB5F7E1C73057F008513DF /* MainViewController.swift in Sources */,
				623D64461CDB36A200F344E6 /* NotificationEntity.swift in Sources */,
				62024B261CD5A3E500AB5C90 /* SessionData.swift in Sources */,
				62024B2C1CD60A0600AB5C90 /* SessionFactory.swift in Sources */,
				62C2CA071C8AE8470029B3DB /* CustomColor.swift in Sources */,
				622785F01C8C1C99006FDD55 /* ProfileModel.swift in Sources */,
				6240B1991C86CEA100899CD9 /* User.swift in Sources */,
				622785E31C8BBFD9006FDD55 /* GlobalString.swift in Sources */,
				622785E71C8BCE2F006FDD55 /* ProfileViewController.swift in Sources */,
				62024B281CD5A3E500AB5C90 /* SessionColumn.swift in Sources */,
				62AB5F7C1C73057F008513DF /* AppDelegate.swift in Sources */,
				62BD34881C8EB932008751B0 /* FacebookModel.swift in Sources */,
				62F8879C1CCDBDAE009C1C4F /* ImageFactory.swift in Sources */,
				6203A8221CCB6D5500401B07 /* DataEntity.swift in Sources */,
				62D5BF591CE47F340085CDBE /* LocationServiceModel.swift in Sources */,
				62024B0D1CD21D1200AB5C90 /* MeetUp.xcdatamodeld in Sources */,
				622785EB1C8BD460006FDD55 /* MeetUpUserDefaults.swift in Sources */,
				6240B1BD1C8834D900899CD9 /* BaseResponse.swift in Sources */,
				629FB5751D222A590099ADED /* DpBaseViewController.swift in Sources */,
				62024B2E1CD611D900AB5C90 /* TimeConverter.swift in Sources */,
				62C2C9FD1C8AC9B90029B3DB /* RoundedButton.swift in Sources */,
				62C15D9D1CDDF0EA006B17A3 /* FriendSessionTableViewCell.swift in Sources */,
				622785ED1C8C198D006FDD55 /* Navigator.swift in Sources */,
				62DE358A1CFAA19100CE46F5 /* CircularProgress.swift in Sources */,
				6238673A1CCB214D001ADA20 /* FriendEntity.swift in Sources */,
				62024B2A1CD5A3E500AB5C90 /* Friend.swift in Sources */,
				6240B1B81C8827C300899CD9 /* BaseViewController.swift in Sources */,
				623BBD641C7EE9E900643C3C /* LoginViewController.swift in Sources */,
				62F887A81CCE09B9009C1C4F /* ManageProfileViewController.swift in Sources */,
				62C2CA051C8AE60B0029B3DB /* DigitsModel.swift in Sources */,
				621538FB1CCC7DD700554726 /* ManageFriendViewController.swift in Sources */,
				623D64441CD9F65C00F344E6 /* PushChannelModel.swift in Sources */,
				622785F41C8C2409006FDD55 /* TokenResponse.swift in Sources */,
				6240B1B61C881FB500899CD9 /* BaseModel.swift in Sources */,
				62024B0A1CD2069D00AB5C90 /* TableViewHeader.swift in Sources */,
				62BD348A1C8ED234008751B0 /* ContactListModel.swift in Sources */,
				623867381CCB203E001ADA20 /* ListItem.swift in Sources */,
				62F887AC1CCE127F009C1C4F /* ManageProfileModel.swift in Sources */,
				62024B0F1CD47A0C00AB5C90 /* SessionModel.swift in Sources */,
				62D5BF551CE1E9460085CDBE /* RequestLocationEntity.swift in Sources */,
				6203A8201CCB4F8500401B07 /* DataHelper.swift in Sources */,
				622785F21C8C1E6B006FDD55 /* UpdateProfile.swift in Sources */,
				6263AE7B1D055F3A00E7C951 /* ContinuousLocationService.swift in Sources */,
				622785E11C8B8947006FDD55 /* SigninAuth.swift in Sources */,
				62C3A6251CC384EB005D2F83 /* ErrorFactory.swift in Sources */,
				62D5BF531CE1E8080085CDBE /* LocationModelResponse.swift in Sources */,
				6272DA721D276D91004A2116 /* FabricLogger.swift in Sources */,
				62C3A6271CC39559005D2F83 /* Contacts.swift in Sources */,
			);
			runOnlyForDeploymentPostprocessing = 0;
		};
/* End PBXSourcesBuildPhase section */

/* Begin PBXVariantGroup section */
		6240B1B11C86E90E00899CD9 /* Localizable.strings */ = {
			isa = PBXVariantGroup;
			children = (
				6240B1B01C86E90E00899CD9 /* en */,
				6240B1B31C86E99700899CD9 /* zh-Hans */,
			);
			name = Localizable.strings;
			sourceTree = "<group>";
		};
		62AB5F871C73057F008513DF /* LaunchScreen.storyboard */ = {
			isa = PBXVariantGroup;
			children = (
				6240B1B41C86EC3800899CD9 /* en */,
			);
			name = LaunchScreen.storyboard;
			path = MeetUp;
			sourceTree = "<group>";
		};
/* End PBXVariantGroup section */

/* Begin XCBuildConfiguration section */
		62AB5F8B1C73057F008513DF /* Debug */ = {
			isa = XCBuildConfiguration;
			buildSettings = {
				ALWAYS_SEARCH_USER_PATHS = NO;
				CLANG_CXX_LANGUAGE_STANDARD = "gnu++0x";
				CLANG_CXX_LIBRARY = "libc++";
				CLANG_ENABLE_MODULES = YES;
				CLANG_ENABLE_OBJC_ARC = YES;
				CLANG_WARN_BOOL_CONVERSION = YES;
				CLANG_WARN_CONSTANT_CONVERSION = YES;
				CLANG_WARN_DIRECT_OBJC_ISA_USAGE = YES_ERROR;
				CLANG_WARN_EMPTY_BODY = YES;
				CLANG_WARN_ENUM_CONVERSION = YES;
				CLANG_WARN_INT_CONVERSION = YES;
				CLANG_WARN_OBJC_ROOT_CLASS = YES_ERROR;
				CLANG_WARN_UNREACHABLE_CODE = YES;
				CLANG_WARN__DUPLICATE_METHOD_MATCH = YES;
				"CODE_SIGN_IDENTITY[sdk=iphoneos*]" = "iPhone Developer";
				COPY_PHASE_STRIP = NO;
				DEBUG_INFORMATION_FORMAT = "dwarf-with-dsym";
				ENABLE_STRICT_OBJC_MSGSEND = YES;
				ENABLE_TESTABILITY = YES;
				GCC_C_LANGUAGE_STANDARD = gnu99;
				GCC_DYNAMIC_NO_PIC = NO;
				GCC_NO_COMMON_BLOCKS = YES;
				GCC_OPTIMIZATION_LEVEL = 0;
				GCC_PREPROCESSOR_DEFINITIONS = (
					"DEBUG=1",
					"$(inherited)",
				);
				GCC_WARN_64_TO_32_BIT_CONVERSION = YES;
				GCC_WARN_ABOUT_RETURN_TYPE = YES_ERROR;
				GCC_WARN_UNDECLARED_SELECTOR = YES;
				GCC_WARN_UNINITIALIZED_AUTOS = YES_AGGRESSIVE;
				GCC_WARN_UNUSED_FUNCTION = YES;
				GCC_WARN_UNUSED_VARIABLE = YES;
				IPHONEOS_DEPLOYMENT_TARGET = 9.2;
				MTL_ENABLE_DEBUG_INFO = YES;
				ONLY_ACTIVE_ARCH = YES;
				SDKROOT = iphoneos;
				SWIFT_OBJC_BRIDGING_HEADER = WindowsAzureMessaging_Bridging_Header.h;
				SWIFT_OPTIMIZATION_LEVEL = "-Onone";
			};
			name = Debug;
		};
		62AB5F8C1C73057F008513DF /* Release */ = {
			isa = XCBuildConfiguration;
			buildSettings = {
				ALWAYS_SEARCH_USER_PATHS = NO;
				CLANG_CXX_LANGUAGE_STANDARD = "gnu++0x";
				CLANG_CXX_LIBRARY = "libc++";
				CLANG_ENABLE_MODULES = YES;
				CLANG_ENABLE_OBJC_ARC = YES;
				CLANG_WARN_BOOL_CONVERSION = YES;
				CLANG_WARN_CONSTANT_CONVERSION = YES;
				CLANG_WARN_DIRECT_OBJC_ISA_USAGE = YES_ERROR;
				CLANG_WARN_EMPTY_BODY = YES;
				CLANG_WARN_ENUM_CONVERSION = YES;
				CLANG_WARN_INT_CONVERSION = YES;
				CLANG_WARN_OBJC_ROOT_CLASS = YES_ERROR;
				CLANG_WARN_UNREACHABLE_CODE = YES;
				CLANG_WARN__DUPLICATE_METHOD_MATCH = YES;
				"CODE_SIGN_IDENTITY[sdk=iphoneos*]" = "iPhone Developer";
				COPY_PHASE_STRIP = NO;
				DEBUG_INFORMATION_FORMAT = "dwarf-with-dsym";
				ENABLE_NS_ASSERTIONS = NO;
				ENABLE_STRICT_OBJC_MSGSEND = YES;
				GCC_C_LANGUAGE_STANDARD = gnu99;
				GCC_NO_COMMON_BLOCKS = YES;
				GCC_WARN_64_TO_32_BIT_CONVERSION = YES;
				GCC_WARN_ABOUT_RETURN_TYPE = YES_ERROR;
				GCC_WARN_UNDECLARED_SELECTOR = YES;
				GCC_WARN_UNINITIALIZED_AUTOS = YES_AGGRESSIVE;
				GCC_WARN_UNUSED_FUNCTION = YES;
				GCC_WARN_UNUSED_VARIABLE = YES;
				IPHONEOS_DEPLOYMENT_TARGET = 9.2;
				MTL_ENABLE_DEBUG_INFO = NO;
				SDKROOT = iphoneos;
				SWIFT_OBJC_BRIDGING_HEADER = WindowsAzureMessaging_Bridging_Header.h;
				VALIDATE_PRODUCT = YES;
			};
			name = Release;
		};
		62AB5F8E1C73057F008513DF /* Debug */ = {
			isa = XCBuildConfiguration;
			baseConfigurationReference = D958C55934E8DFB1745195A1 /* Pods-MeetUp.debug.xcconfig */;
			buildSettings = {
				ASSETCATALOG_COMPILER_APPICON_NAME = AppIcon;
				CLANG_ENABLE_MODULES = YES;
				CODE_SIGN_IDENTITY = "iPhone Developer";
				"CODE_SIGN_IDENTITY[sdk=iphoneos*]" = "iPhone Developer";
				ENABLE_BITCODE = NO;
				FRAMEWORK_SEARCH_PATHS = (
					"$(inherited)",
					"$(PROJECT_DIR)",
				);
				INFOPLIST_FILE = MeetUp/Info.plist;
				LD_RUNPATH_SEARCH_PATHS = "$(inherited) @executable_path/Frameworks";
				PRODUCT_BUNDLE_IDENTIFIER = co.nz.estimeet.estimeet;
				PRODUCT_NAME = "$(TARGET_NAME)";
				PROVISIONING_PROFILE = "";
				SWIFT_OPTIMIZATION_LEVEL = "-Onone";
			};
			name = Debug;
		};
		62AB5F8F1C73057F008513DF /* Release */ = {
			isa = XCBuildConfiguration;
			baseConfigurationReference = D13B20D89153F4132EB95735 /* Pods-MeetUp.release.xcconfig */;
			buildSettings = {
				ASSETCATALOG_COMPILER_APPICON_NAME = AppIcon;
				CLANG_ENABLE_MODULES = YES;
				CODE_SIGN_IDENTITY = "iPhone Developer";
				"CODE_SIGN_IDENTITY[sdk=iphoneos*]" = "iPhone Developer";
				ENABLE_BITCODE = NO;
				FRAMEWORK_SEARCH_PATHS = (
					"$(inherited)",
					"$(PROJECT_DIR)",
				);
				INFOPLIST_FILE = MeetUp/Info.plist;
				LD_RUNPATH_SEARCH_PATHS = "$(inherited) @executable_path/Frameworks";
				PRODUCT_BUNDLE_IDENTIFIER = co.nz.estimeet.estimeet;
				PRODUCT_NAME = "$(TARGET_NAME)";
				PROVISIONING_PROFILE = "";
			};
			name = Release;
		};
/* End XCBuildConfiguration section */

/* Begin XCConfigurationList section */
		62AB5F731C73057F008513DF /* Build configuration list for PBXProject "MeetUp" */ = {
			isa = XCConfigurationList;
			buildConfigurations = (
				62AB5F8B1C73057F008513DF /* Debug */,
				62AB5F8C1C73057F008513DF /* Release */,
			);
			defaultConfigurationIsVisible = 0;
			defaultConfigurationName = Release;
		};
		62AB5F8D1C73057F008513DF /* Build configuration list for PBXNativeTarget "MeetUp" */ = {
			isa = XCConfigurationList;
			buildConfigurations = (
				62AB5F8E1C73057F008513DF /* Debug */,
				62AB5F8F1C73057F008513DF /* Release */,
			);
			defaultConfigurationIsVisible = 0;
			defaultConfigurationName = Release;
		};
/* End XCConfigurationList section */

/* Begin XCVersionGroup section */
		62024B0B1CD21D1200AB5C90 /* MeetUp.xcdatamodeld */ = {
			isa = XCVersionGroup;
			children = (
				629205E61D0D6EA7007FBBB9 /* MeetUp 2.xcdatamodel */,
				62024B0C1CD21D1200AB5C90 /* MeetUp.xcdatamodel */,
			);
			currentVersion = 629205E61D0D6EA7007FBBB9 /* MeetUp 2.xcdatamodel */;
			name = MeetUp.xcdatamodeld;
			path = MeetUp/MeetUp.xcdatamodeld;
			sourceTree = "<group>";
			versionGroupType = wrapper.xcdatamodel;
		};
/* End XCVersionGroup section */
	};
	rootObject = 62AB5F701C73057F008513DF /* Project object */;
}
